Microsoft Visual Studio Solution File, Format Version 10.00
# Visual Studio 2008
Project("{F184B08F-C81C-45F6-A57F-5ABD9991F28F}") = "ExportGroups", "ExportGroups.vbproj", "{AB30661B-F338-4205-AFBF-02CCFB15B779}"
EndProject
Global
	GlobalSection(SolutionConfigurationPlatforms) = preSolution
		Debug|Any CPU = Debug|Any CPU
		Debug|x86 = Debug|x86
		Release|Any CPU = Release|Any CPU
		Release|x86 = Release|x86
	EndGlobalSection
	GlobalSection(ProjectConfigurationPlatforms) = postSolution
		{AB30661B-F338-4205-AFBF-02CCFB15B779}.Debug|Any CPU.ActiveCfg = Debug|Any CPU
		{AB30661B-F338-4205-AFBF-02CCFB15B779}.Debug|Any CPU.Build.0 = Debug|Any CPU
		{AB30661B-F338-4205-AFBF-02CCFB15B779}.Debug|x86.ActiveCfg = Debug|x86
		{AB30661B-F338-4205-AFBF-02CCFB15B779}.Debug|x86.Build.0 = Debug|x86
		{AB30661B-F338-4205-AFBF-02CCFB15B779}.Release|Any CPU.ActiveCfg = Release|Any CPU
		{AB30661B-F338-4205-AFBF-02CCFB15B779}.Release|Any CPU.Build.0 = Release|Any CPU
		{AB30661B-F338-4205-AFBF-02CCFB15B779}.Release|x86.ActiveCfg = Release|x86
		{AB30661B-F338-4205-AFBF-02CCFB15B779}.Release|x86.Build.0 = Release|x86
	EndGlobalSection
	GlobalSection(SolutionProperties) = preSolution
		HideSolutionNode = FALSE
	EndGlobalSection
EndGlobal
